Microsoft Visual Studio Solution File, Format Version 12.00
# Visual Studio Version 17
VisualStudioVersion = 17.5.2.0
MinimumVisualStudioVersion = 10.0.40219.1
Project("{FAE04EC0-301F-11D3-BF4B-00C04F79EFBC}") = "Azure.ContainerApps", "azure-cs-containerapps\Azure.ContainerApps.csproj", "{D4763DAD-B383-46A8-0FA5-A735922A5438}"
EndProject
Global
	GlobalSection(SolutionConfigurationPlatforms) = preSolution
		Debug|Any CPU = Debug|Any CPU
		Release|Any CPU = Release|Any CPU
	EndGlobalSection
	GlobalSection(ProjectConfigurationPlatforms) = postSolution
		{D4763DAD-B383-46A8-0FA5-A735922A5438}.Debug|Any CPU.ActiveCfg = Debug|Any CPU
		{D4763DAD-B383-46A8-0FA5-A735922A5438}.Debug|Any CPU.Build.0 = Debug|Any CPU
		{D4763DAD-B383-46A8-0FA5-A735922A5438}.Release|Any CPU.ActiveCfg = Release|Any CPU
		{D4763DAD-B383-46A8-0FA5-A735922A5438}.Release|Any CPU.Build.0 = Release|Any CPU
	EndGlobalSection
	GlobalSection(SolutionProperties) = preSolution
		HideSolutionNode = FALSE
	EndGlobalSection
	GlobalSection(ExtensibilityGlobals) = postSolution
		SolutionGuid = {AF1269A4-A2D4-43E5-800B-22DF8BA9AE32}
	EndGlobalSection
EndGlobal
